
Microsoft Visual Studio Solution File, Format Version 12.00
# Visual Studio 15
VisualStudioVersion = 15.0.28307.168
MinimumVisualStudioVersion = 10.0.40219.1
Project("{9A19103F-16F7-4668-BE54-9A1E7A4F7556}") = "INIFileParser", "INIFileParser\INIFileParser.csproj", "{387FE964-1917-49EC-9612-582A85423E9F}"
EndProject
Project("{9A19103F-16F7-4668-BE54-9A1E7A4F7556}") = "INIFileParser.Example", "INIFileParser.Example\INIFileParser.Example.csproj", "{449BD78D-B06A-4DAF-9ED3-6561AAEAC3C4}"
EndProject
Project("{FAE04EC0-301F-11D3-BF4B-00C04F79EFBC}") = "IniFileParser.Tests", "IniFileParser.Tests\IniFileParser.Tests.csproj", "{CCFBECAF-617C-4DF0-A2B5-EF3D1998AAC1}"
EndProject
Global
	GlobalSection(SolutionConfigurationPlatforms) = preSolution
		Debug|Any CPU = Debug|Any CPU
		Release|Any CPU = Release|Any CPU
	EndGlobalSection
	GlobalSection(ProjectConfigurationPlatforms) = postSolution
		{387FE964-1917-49EC-9612-582A85423E9F}.Debug|Any CPU.ActiveCfg = Debug|Any CPU
		{387FE964-1917-49EC-9612-582A85423E9F}.Debug|Any CPU.Build.0 = Debug|Any CPU
		{387FE964-1917-49EC-9612-582A85423E9F}.Release|Any CPU.ActiveCfg = Release|Any CPU
		{387FE964-1917-49EC-9612-582A85423E9F}.Release|Any CPU.Build.0 = Release|Any CPU
		{449BD78D-B06A-4DAF-9ED3-6561AAEAC3C4}.Debug|Any CPU.ActiveCfg = Debug|Any CPU
		{449BD78D-B06A-4DAF-9ED3-6561AAEAC3C4}.Debug|Any CPU.Build.0 = Debug|Any CPU
		{449BD78D-B06A-4DAF-9ED3-6561AAEAC3C4}.Release|Any CPU.ActiveCfg = Release|Any CPU
		{449BD78D-B06A-4DAF-9ED3-6561AAEAC3C4}.Release|Any CPU.Build.0 = Release|Any CPU
		{CCFBECAF-617C-4DF0-A2B5-EF3D1998AAC1}.Debug|Any CPU.ActiveCfg = Debug|Any CPU
		{CCFBECAF-617C-4DF0-A2B5-EF3D1998AAC1}.Debug|Any CPU.Build.0 = Debug|Any CPU
		{CCFBECAF-617C-4DF0-A2B5-EF3D1998AAC1}.Release|Any CPU.ActiveCfg = Release|Any CPU
		{CCFBECAF-617C-4DF0-A2B5-EF3D1998AAC1}.Release|Any CPU.Build.0 = Release|Any CPU
	EndGlobalSection
	GlobalSection(SolutionProperties) = preSolution
		HideSolutionNode = FALSE
	EndGlobalSection
	GlobalSection(ExtensibilityGlobals) = postSolution
		SolutionGuid = {555F05CA-C3A9-4180-B7EA-2EB12A4C0123}
	EndGlobalSection
EndGlobal
